PODS:
  - AFNetworking (3.1.0):
    - AFNetworking/NSURLSession (= 3.1.0)
    - AFNetworking/Reachability (= 3.1.0)
    - AFNetworking/Security (= 3.1.0)
    - AFNetworking/Serialization (= 3.1.0)
    - AFNetworking/UIKit (= 3.1.0)
  - AFNetworking/NSURLSession (3.1.0):
    - AFNetworking/Reachability
    - AFNetworking/Security
    - AFNetworking/Serialization
  - AFNetworking/Reachability (3.1.0)
  - AFNetworking/Security (3.1.0)
  - AFNetworking/Serialization (3.1.0)
  - GCDWebServer (3.3.2):
    - GCDWebServer/Core (= 3.3.2)
  - GCDWebServer/Core (3.3.2)
  - libsodium (1.0.11)
  - ZXingObjC (3.1.0):
    - ZXingObjC/All (= 3.1.0)
  - ZXingObjC/All (3.1.0)

DEPENDENCIES:
  - AFNetworking
  - GCDWebServer (= 3.3.2)
  - libsodium
  - ZXingObjC (~> 3.1.0)

SPEC CHECKSUMS:
  AFNetworking: 0f9f92467cc2ad03ea9961c65bb75028ea4d49a9
  GCDWebServer: 3a29d3652068de5929e4c47fcb9acf0f8e06920a
  libsodium: 9aba161d2ee096977ecbdcce1ada69ffe511970c
  ZXingObjC: d42268f8acf994621ce3d8991430470f43ebd491

PODFILE CHECKSUM: 1f3f8f0c487dac1242d3f5015179e311e8b813e4

COCOAPODS: 1.0.1
